
Microsoft Visual Studio Solution File, Format Version 12.00
# Visual Studio Version 17
VisualStudioVersion = 17.9.34701.34
MinimumVisualStudioVersion = 10.0.40219.1
Project("{9A19103F-16F7-4668-BE54-9A1E7A4F7556}") = "WebApplication4", "WebApplication4\WebApplication4.csproj", "{A96582A4-095D-4833-B9F8-8BC08250F39B}"
EndProject
Global
	GlobalSection(SolutionConfigurationPlatforms) = preSolution
		Debug|Any CPU = Debug|Any CPU
		Release|Any CPU = Release|Any CPU
	EndGlobalSection
	GlobalSection(ProjectConfigurationPlatforms) = postSolution
		{A96582A4-095D-4833-B9F8-8BC08250F39B}.Debug|Any CPU.ActiveCfg = Debug|Any CPU
		{A96582A4-095D-4833-B9F8-8BC08250F39B}.Debug|Any CPU.Build.0 = Debug|Any CPU
		{A96582A4-095D-4833-B9F8-8BC08250F39B}.Release|Any CPU.ActiveCfg = Release|Any CPU
		{A96582A4-095D-4833-B9F8-8BC08250F39B}.Release|Any CPU.Build.0 = Release|Any CPU
	EndGlobalSection
	GlobalSection(SolutionProperties) = preSolution
		HideSolutionNode = FALSE
	EndGlobalSection
	GlobalSection(ExtensibilityGlobals) = postSolution
		SolutionGuid = {5E4DD32E-D915-4D62-B421-BD4A1DFC6C16}
	EndGlobalSection
EndGlobal
